
Microsoft Visual Studio Solution File, Format Version 12.00
# Visual Studio Version 17
VisualStudioVersion = 17.14.37301.10 d17.14
MinimumVisualStudioVersion = 10.0.40219.1
Project("{FAE04EC0-301F-11D3-BF4B-00C04F79EFBC}") = "Lab3App", "Lab3App.csproj", "{BE0960B2-E254-2318-0892-0279D70C0F4A}"
EndProject
Global
	GlobalSection(SolutionConfigurationPlatforms) = preSolution
		Debug|Any CPU = Debug|Any CPU
		Release|Any CPU = Release|Any CPU
	EndGlobalSection
	GlobalSection(ProjectConfigurationPlatforms) = postSolution
		{BE0960B2-E254-2318-0892-0279D70C0F4A}.Debug|Any CPU.ActiveCfg = Debug|Any CPU
		{BE0960B2-E254-2318-0892-0279D70C0F4A}.Debug|Any CPU.Build.0 = Debug|Any CPU
		{BE0960B2-E254-2318-0892-0279D70C0F4A}.Release|Any CPU.ActiveCfg = Release|Any CPU
		{BE0960B2-E254-2318-0892-0279D70C0F4A}.Release|Any CPU.Build.0 = Release|Any CPU
	EndGlobalSection
	GlobalSection(SolutionProperties) = preSolution
		HideSolutionNode = FALSE
	EndGlobalSection
	GlobalSection(ExtensibilityGlobals) = postSolution
		SolutionGuid = {4BBD5955-8A43-45C0-BD79-26285922C8D5}
	EndGlobalSection
EndGlobal
